
Microsoft Visual Studio Solution File, Format Version 12.00
# Visual Studio 14
VisualStudioVersion = 14.0.25123.0
MinimumVisualStudioVersion = 10.0.40219.1
Project("{FAE04EC0-301F-11D3-BF4B-00C04F79EFBC}") = "SE1", "SE1\SE1.csproj", "{342C3A5C-34C5-429B-8731-84803E264762}"
EndProject
Project("{FAE04EC0-301F-11D3-BF4B-00C04F79EFBC}") = "SE1Tests", "SE1Tests\SE1Tests.csproj", "{1F7B8B3D-C910-4F72-BC1C-4980432510A7}"
EndProject
Global
	GlobalSection(SolutionConfigurationPlatforms) = preSolution
		Debug|Any CPU = Debug|Any CPU
		Release|Any CPU = Release|Any CPU
	EndGlobalSection
	GlobalSection(ProjectConfigurationPlatforms) = postSolution
		{342C3A5C-34C5-429B-8731-84803E264762}.Debug|Any CPU.ActiveCfg = Debug|Any CPU
		{342C3A5C-34C5-429B-8731-84803E264762}.Debug|Any CPU.Build.0 = Debug|Any CPU
		{342C3A5C-34C5-429B-8731-84803E264762}.Release|Any CPU.ActiveCfg = Release|Any CPU
		{342C3A5C-34C5-429B-8731-84803E264762}.Release|Any CPU.Build.0 = Release|Any CPU
		{1F7B8B3D-C910-4F72-BC1C-4980432510A7}.Debug|Any CPU.ActiveCfg = Debug|Any CPU
		{1F7B8B3D-C910-4F72-BC1C-4980432510A7}.Debug|Any CPU.Build.0 = Debug|Any CPU
		{1F7B8B3D-C910-4F72-BC1C-4980432510A7}.Release|Any CPU.ActiveCfg = Release|Any CPU
		{1F7B8B3D-C910-4F72-BC1C-4980432510A7}.Release|Any CPU.Build.0 = Release|Any CPU
	EndGlobalSection
	GlobalSection(SolutionProperties) = preSolution
		HideSolutionNode = FALSE
	EndGlobalSection
EndGlobal
